
Microsoft Visual Studio Solution File, Format Version 12.00
# Visual Studio Version 17
VisualStudioVersion = 17.9.34723.18
MinimumVisualStudioVersion = 10.0.40219.1
Project("{FAE04EC0-301F-11D3-BF4B-00C04F79EFBC}") = "Sagas", "Sagas\Sagas.csproj", "{7525522D-8569-406A-BFDE-F977D1B2BD46}"
EndProject
Global
	GlobalSection(SolutionConfigurationPlatforms) = preSolution
		Debug|Any CPU = Debug|Any CPU
		Release|Any CPU = Release|Any CPU
	EndGlobalSection
	GlobalSection(ProjectConfigurationPlatforms) = postSolution
		{7525522D-8569-406A-BFDE-F977D1B2BD46}.Debug|Any CPU.ActiveCfg = Debug|Any CPU
		{7525522D-8569-406A-BFDE-F977D1B2BD46}.Debug|Any CPU.Build.0 = Debug|Any CPU
		{7525522D-8569-406A-BFDE-F977D1B2BD46}.Release|Any CPU.ActiveCfg = Release|Any CPU
		{7525522D-8569-406A-BFDE-F977D1B2BD46}.Release|Any CPU.Build.0 = Release|Any CPU
	EndGlobalSection
	GlobalSection(SolutionProperties) = preSolution
		HideSolutionNode = FALSE
	EndGlobalSection
	GlobalSection(ExtensibilityGlobals) = postSolution
		SolutionGuid = {A00D33E8-FA0E-44DE-9E95-408C09E97979}
	EndGlobalSection
EndGlobal
